{
  "requires": true,
  "lockfileVersion": 1,
  "dependencies": {
    "dotenv": {
      "version": "8.0.0",
      "resolved": "https://registry.npmjs.org/dotenv/-/dotenv-8.0.0.tgz",
      "integrity": "sha512-30xVGqjLjiUOArT4+M5q9sYdvuR4riM6yK9wMcas9Vbp6zZa+ocC9dp6QoftuhTPhFAiLK/0C5Ni2nou/Bk8lg=="
    },
    "js-sha256": {
      "version": "0.9.0",
      "resolved": "https://registry.npmjs.org/js-sha256/-/js-sha256-0.9.0.tgz",
      "integrity": "sha512-sga3MHh9sgQN2+pJ9VYZ+1LPwXOxuBJBA5nrR5/ofPfuiJBE2hnjsaN8se8JznOmGLN2p49Pe5U/ttafcs/apA=="
    }
  }
}
